
Microsoft Visual Studio Solution File, Format Version 12.00
# Visual Studio 2013
VisualStudioVersion = 12.0.31101.0
MinimumVisualStudioVersion = 10.0.40219.1
Project("{FAE04EC0-301F-11D3-BF4B-00C04F79EFBC}") = "Geolocalizador", "Geolocalizador\Geolocalizador.csproj", "{D0641596-7163-451D-8A3C-52102D43532A}"
EndProject
Project("{FAE04EC0-301F-11D3-BF4B-00C04F79EFBC}") = "Dominio", "Dominio\Dominio.csproj", "{309DDB37-D994-4421-B015-DE74352BFB0B}"
EndProject
Project("{FAE04EC0-301F-11D3-BF4B-00C04F79EFBC}") = "Infraestrutura", "Infraestrutura\Infraestrutura.csproj", "{955172C5-0F06-4F48-AE4D-98EA682FE18E}"
EndProject
Global
	GlobalSection(SolutionConfigurationPlatforms) = preSolution
		Debug|Any CPU = Debug|Any CPU
		Release|Any CPU = Release|Any CPU
	EndGlobalSection
	GlobalSection(ProjectConfigurationPlatforms) = postSolution
		{D0641596-7163-451D-8A3C-52102D43532A}.Debug|Any CPU.ActiveCfg = Debug|Any CPU
		{D0641596-7163-451D-8A3C-52102D43532A}.Debug|Any CPU.Build.0 = Debug|Any CPU
		{D0641596-7163-451D-8A3C-52102D43532A}.Release|Any CPU.ActiveCfg = Release|Any CPU
		{D0641596-7163-451D-8A3C-52102D43532A}.Release|Any CPU.Build.0 = Release|Any CPU
		{309DDB37-D994-4421-B015-DE74352BFB0B}.Debug|Any CPU.ActiveCfg = Debug|Any CPU
		{309DDB37-D994-4421-B015-DE74352BFB0B}.Debug|Any CPU.Build.0 = Debug|Any CPU
		{309DDB37-D994-4421-B015-DE74352BFB0B}.Release|Any CPU.ActiveCfg = Release|Any CPU
		{309DDB37-D994-4421-B015-DE74352BFB0B}.Release|Any CPU.Build.0 = Release|Any CPU
		{955172C5-0F06-4F48-AE4D-98EA682FE18E}.Debug|Any CPU.ActiveCfg = Debug|Any CPU
		{955172C5-0F06-4F48-AE4D-98EA682FE18E}.Debug|Any CPU.Build.0 = Debug|Any CPU
		{955172C5-0F06-4F48-AE4D-98EA682FE18E}.Release|Any CPU.ActiveCfg = Release|Any CPU
		{955172C5-0F06-4F48-AE4D-98EA682FE18E}.Release|Any CPU.Build.0 = Release|Any CPU
	EndGlobalSection
	GlobalSection(SolutionProperties) = preSolution
		HideSolutionNode = FALSE
	EndGlobalSection
EndGlobal
